{
  "name": "opdemo",
  "lockfileVersion": 3,
  "requires": true,
  "packages": {
    "": {
      "name": "opdemo",
      "dependencies": {
        "@adraffy/blocksmith": "^0.0.29",
        "@ensdomains/ens-contracts": "^1.2.2",
        "@openzeppelin/contracts": "^5.0.2",
        "@unruggable/gateways": "^0.0.6"
      },
      "devDependencies": {
        "@types/bun": "latest"
      },
      "peerDependencies": {
        "typescript": "^5.0.0"
      }
    },
    "node_modules/@adraffy/blocksmith": {
      "version": "0.0.29",
      "license": "MIT",
      "dependencies": {
        "ethers": "^6.13.1"
      }
    },
    "node_modules/@adraffy/ens-normalize": {
      "version": "1.10.1",
      "license": "MIT"
    },
    "node_modules/@ensdomains/buffer": {
      "version": "0.1.1"
    },
    "node_modules/@ensdomains/ens-contracts": {
      "version": "1.2.2",
      "hasInstallScript": true,
      "license": "MIT",
      "dependencies": {
        "@ensdomains/buffer": "^0.1.1",
        "@ensdomains/solsha1": "0.0.3",
        "@openzeppelin/contracts": "^4.1.0",
        "dns-packet": "^5.3.0"
      }
    },
    "node_modules/@ensdomains/ens-contracts/node_modules/@openzeppelin/contracts": {
      "version": "4.9.6",
      "license": "MIT"
    },
    "node_modules/@ensdomains/solsha1": {
      "version": "0.0.3",
      "dependencies": {
        "hash-test-vectors": "^1.3.2"
      }
    },
    "node_modules/@leichtgewicht/ip-codec": {
      "version": "2.0.5",
      "license": "MIT"
    },
    "node_modules/@noble/curves": {
      "version": "1.2.0",
      "license": "MIT",
      "dependencies": {
        "@noble/hashes": "1.3.2"
      },
      "funding": {
        "url": "https://paulmillr.com/funding/"
      }
    },
    "node_modules/@noble/hashes": {
      "version": "1.3.2",
      "license": "MIT",
      "engines": {
        "node": ">= 16"
      },
      "funding": {
        "url": "https://paulmillr.com/funding/"
      }
    },
    "node_modules/@openzeppelin/contracts": {
      "version": "5.0.2",
      "license": "MIT"
    },
    "node_modules/@resolverworks/ezccip": {
      "version": "0.0.14",
      "license": "MIT",
      "dependencies": {
        "ethers": "^6.13.1"
      }
    },
    "node_modules/@types/bun": {
      "version": "1.1.8",
      "resolved": "https://registry.npmjs.org/@types/bun/-/bun-1.1.8.tgz",
      "integrity": "sha512-PIwVFQKPviksiibobyvcWtMvMFMTj91T8dQEh9l1P3Ypr3ZuVn9w7HSr+5mTNrPqD1xpdDLEErzZPU8gqHBu6g==",
      "dev": true,
      "dependencies": {
        "bun-types": "1.1.26"
      }
    },
    "node_modules/@types/node": {
      "version": "20.12.14",
      "dev": true,
      "license": "MIT",
      "dependencies": {
        "undici-types": "~5.26.4"
      }
    },
    "node_modules/@types/ws": {
      "version": "8.5.12",
      "dev": true,
      "license": "MIT",
      "dependencies": {
        "@types/node": "*"
      }
    },
    "node_modules/@unruggable/gateways": {
      "version": "0.0.6",
      "resolved": "https://registry.npmjs.org/@unruggable/gateways/-/gateways-0.0.6.tgz",
      "integrity": "sha512-NePmG/fRrH7cV17q71Y+xLzUEM+De+qkQyGLdhfgioRu0Fr4m3L8zgmb+RMQUEfq6hbeh0E/pQlp4QYbge1yng==",
      "dependencies": {
        "@resolverworks/ezccip": "^0.0.14",
        "ethers": "^6.13.1"
      },
      "peerDependencies": {
        "typescript": "^5.5.2"
      }
    },
    "node_modules/aes-js": {
      "version": "4.0.0-beta.5",
      "license": "MIT"
    },
    "node_modules/bun-types": {
      "version": "1.1.26",
      "dev": true,
      "license": "MIT",
      "dependencies": {
        "@types/node": "~20.12.8",
        "@types/ws": "~8.5.10"
      }
    },
    "node_modules/dns-packet": {
      "version": "5.6.1",
      "license": "MIT",
      "dependencies": {
        "@leichtgewicht/ip-codec": "^2.0.1"
      },
      "engines": {
        "node": ">=6"
      }
    },
    "node_modules/ethers": {
      "version": "6.13.2",
      "funding": [
        {
          "type": "individual",
          "url": "https://github.com/sponsors/ethers-io/"
        },
        {
          "type": "individual",
          "url": "https://www.buymeacoffee.com/ricmoo"
        }
      ],
      "license": "MIT",
      "dependencies": {
        "@adraffy/ens-normalize": "1.10.1",
        "@noble/curves": "1.2.0",
        "@noble/hashes": "1.3.2",
        "@types/node": "18.15.13",
        "aes-js": "4.0.0-beta.5",
        "tslib": "2.4.0",
        "ws": "8.17.1"
      },
      "engines": {
        "node": ">=14.0.0"
      }
    },
    "node_modules/ethers/node_modules/@types/node": {
      "version": "18.15.13",
      "license": "MIT"
    },
    "node_modules/hash-test-vectors": {
      "version": "1.3.2",
      "license": "MIT"
    },
    "node_modules/tslib": {
      "version": "2.4.0",
      "license": "0BSD"
    },
    "node_modules/typescript": {
      "version": "5.5.4",
      "license": "Apache-2.0",
      "peer": true,
      "bin": {
        "tsc": "bin/tsc",
        "tsserver": "bin/tsserver"
      },
      "engines": {
        "node": ">=14.17"
      }
    },
    "node_modules/undici-types": {
      "version": "5.26.5",
      "dev": true,
      "license": "MIT"
    },
    "node_modules/ws": {
      "version": "8.17.1",
      "license": "MIT",
      "engines": {
        "node": ">=10.0.0"
      },
      "peerDependencies": {
        "bufferutil": "^4.0.1",
        "utf-8-validate": ">=5.0.2"
      },
      "peerDependenciesMeta": {
        "bufferutil": {
          "optional": true
        },
        "utf-8-validate": {
          "optional": true
        }
      }
    }
  }
}
